{
  "requires": true,
  "lockfileVersion": 1,
  "dependencies": {
    "@types/text-encoding": {
      "version": "0.0.32",
      "resolved": "https://registry.npmjs.org/@types/text-encoding/-/text-encoding-0.0.32.tgz",
      "integrity": "sha512-kQ79aFmYcD/DR3QKo6wXyvNrKi7PunY0KYTBUhHjHl0SXwWuLRl9Leh73YtnsSJMBi9qSiK+fxWhdJNQPbhc9A=="
    }
  }
}
